
Microsoft Visual Studio Solution File, Format Version 12.00
# Visual Studio Version 17
VisualStudioVersion = 17.11.35312.102
MinimumVisualStudioVersion = 10.0.40219.1
Project("{2150E333-8FDC-42A3-9474-1A3956D46DE8}") = "src", "src", "{1DAADD22-2993-41E2-93AB-0C1074493DB6}"
EndProject
Project("{2150E333-8FDC-42A3-9474-1A3956D46DE8}") = "tests", "tests", "{A22162DE-1F73-4DF2-8070-09EC45EA38EE}"
EndProject
Project("{9A19103F-16F7-4668-BE54-9A1E7A4F7556}") = "CashFlow.Api", "src\CashFlow.Api\CashFlow.Api.csproj", "{B27206FC-CE9C-4BEC-A7AC-B0466DC9C04A}"
EndProject
Project("{9A19103F-16F7-4668-BE54-9A1E7A4F7556}") = "CashFlow.Domain", "src\CashFlow.Domain\CashFlow.Domain.csproj", "{214DD6F3-5DD0-410A-8F34-0A041A8DC6CF}"
EndProject
Project("{9A19103F-16F7-4668-BE54-9A1E7A4F7556}") = "CashFlow.Application", "src\CashFlow.Application\CashFlow.Application.csproj", "{499A5A70-03C7-45B5-A3F5-9176955B3C7B}"
EndProject
Project("{9A19103F-16F7-4668-BE54-9A1E7A4F7556}") = "CashFlow.Communication", "src\CashFlow.Communication\CashFlow.Communication.csproj", "{AF81DAC5-15B9-4496-8A4C-726BB7EC8229}"
EndProject
Project("{9A19103F-16F7-4668-BE54-9A1E7A4F7556}") = "CashFlow.Exception", "src\CashFlow.Exception\CashFlow.Exception.csproj", "{E72B23F1-6FD5-4EAC-9A01-48C7D081B3C8}"
EndProject
Project("{9A19103F-16F7-4668-BE54-9A1E7A4F7556}") = "CashFlow.Infrastructure", "src\CashFlow.Infrastructure\CashFlow.Infrastructure.csproj", "{55B61459-51C0-4790-AA7A-686852442D7E}"
EndProject
Project("{2150E333-8FDC-42A3-9474-1A3956D46DE8}") = "Itens de Solução", "Itens de Solução", "{5788B751-9044-4870-928B-DD1546BD4919}"
	ProjectSection(SolutionItems) = preProject
		.gitignore = .gitignore
	EndProjectSection
EndProject
Project("{9A19103F-16F7-4668-BE54-9A1E7A4F7556}") = "Validators.Test", "tests\Validators.Test\Validators.Test.csproj", "{433F1471-B44D-41D1-A34F-A528E31E0633}"
EndProject
Project("{9A19103F-16F7-4668-BE54-9A1E7A4F7556}") = "CommonTestUtilities", "tests\CommonTestUtilities\CommonTestUtilities.csproj", "{797B003C-E3BF-4546-8C14-E3EFB3738597}"
EndProject
Project("{FAE04EC0-301F-11D3-BF4B-00C04F79EFBC}") = "UseCases.Test", "tests\UseCases.Test\UseCases.Test.csproj", "{D30DF5F8-4959-470E-9D4F-8C4B7BEED240}"
EndProject
Global
	GlobalSection(SolutionConfigurationPlatforms) = preSolution
		Debug|Any CPU = Debug|Any CPU
		Release|Any CPU = Release|Any CPU
	EndGlobalSection
	GlobalSection(ProjectConfigurationPlatforms) = postSolution
		{B27206FC-CE9C-4BEC-A7AC-B0466DC9C04A}.Debug|Any CPU.ActiveCfg = Debug|Any CPU
		{B27206FC-CE9C-4BEC-A7AC-B0466DC9C04A}.Debug|Any CPU.Build.0 = Debug|Any CPU
		{B27206FC-CE9C-4BEC-A7AC-B0466DC9C04A}.Release|Any CPU.ActiveCfg = Release|Any CPU
		{B27206FC-CE9C-4BEC-A7AC-B0466DC9C04A}.Release|Any CPU.Build.0 = Release|Any CPU
		{214DD6F3-5DD0-410A-8F34-0A041A8DC6CF}.Debug|Any CPU.ActiveCfg = Debug|Any CPU
		{214DD6F3-5DD0-410A-8F34-0A041A8DC6CF}.Debug|Any CPU.Build.0 = Debug|Any CPU
		{214DD6F3-5DD0-410A-8F34-0A041A8DC6CF}.Release|Any CPU.ActiveCfg = Release|Any CPU
		{214DD6F3-5DD0-410A-8F34-0A041A8DC6CF}.Release|Any CPU.Build.0 = Release|Any CPU
		{499A5A70-03C7-45B5-A3F5-9176955B3C7B}.Debug|Any CPU.ActiveCfg = Debug|Any CPU
		{499A5A70-03C7-45B5-A3F5-9176955B3C7B}.Debug|Any CPU.Build.0 = Debug|Any CPU
		{499A5A70-03C7-45B5-A3F5-9176955B3C7B}.Release|Any CPU.ActiveCfg = Release|Any CPU
		{499A5A70-03C7-45B5-A3F5-9176955B3C7B}.Release|Any CPU.Build.0 = Release|Any CPU
		{AF81DAC5-15B9-4496-8A4C-726BB7EC8229}.Debug|Any CPU.ActiveCfg = Debug|Any CPU
		{AF81DAC5-15B9-4496-8A4C-726BB7EC8229}.Debug|Any CPU.Build.0 = Debug|Any CPU
		{AF81DAC5-15B9-4496-8A4C-726BB7EC8229}.Release|Any CPU.ActiveCfg = Release|Any CPU
		{AF81DAC5-15B9-4496-8A4C-726BB7EC8229}.Release|Any CPU.Build.0 = Release|Any CPU
		{E72B23F1-6FD5-4EAC-9A01-48C7D081B3C8}.Debug|Any CPU.ActiveCfg = Debug|Any CPU
		{E72B23F1-6FD5-4EAC-9A01-48C7D081B3C8}.Debug|Any CPU.Build.0 = Debug|Any CPU
		{E72B23F1-6FD5-4EAC-9A01-48C7D081B3C8}.Release|Any CPU.ActiveCfg = Release|Any CPU
		{E72B23F1-6FD5-4EAC-9A01-48C7D081B3C8}.Release|Any CPU.Build.0 = Release|Any CPU
		{55B61459-51C0-4790-AA7A-686852442D7E}.Debug|Any CPU.ActiveCfg = Debug|Any CPU
		{55B61459-51C0-4790-AA7A-686852442D7E}.Debug|Any CPU.Build.0 = Debug|Any CPU
		{55B61459-51C0-4790-AA7A-686852442D7E}.Release|Any CPU.ActiveCfg = Release|Any CPU
		{55B61459-51C0-4790-AA7A-686852442D7E}.Release|Any CPU.Build.0 = Release|Any CPU
		{433F1471-B44D-41D1-A34F-A528E31E0633}.Debug|Any CPU.ActiveCfg = Debug|Any CPU
		{433F1471-B44D-41D1-A34F-A528E31E0633}.Debug|Any CPU.Build.0 = Debug|Any CPU
		{433F1471-B44D-41D1-A34F-A528E31E0633}.Release|Any CPU.ActiveCfg = Release|Any CPU
		{433F1471-B44D-41D1-A34F-A528E31E0633}.Release|Any CPU.Build.0 = Release|Any CPU
		{797B003C-E3BF-4546-8C14-E3EFB3738597}.Debug|Any CPU.ActiveCfg = Debug|Any CPU
		{797B003C-E3BF-4546-8C14-E3EFB3738597}.Debug|Any CPU.Build.0 = Debug|Any CPU
		{797B003C-E3BF-4546-8C14-E3EFB3738597}.Release|Any CPU.ActiveCfg = Release|Any CPU
		{797B003C-E3BF-4546-8C14-E3EFB3738597}.Release|Any CPU.Build.0 = Release|Any CPU
		{D30DF5F8-4959-470E-9D4F-8C4B7BEED240}.Debug|Any CPU.ActiveCfg = Debug|Any CPU
		{D30DF5F8-4959-470E-9D4F-8C4B7BEED240}.Debug|Any CPU.Build.0 = Debug|Any CPU
		{D30DF5F8-4959-470E-9D4F-8C4B7BEED240}.Release|Any CPU.ActiveCfg = Release|Any CPU
		{D30DF5F8-4959-470E-9D4F-8C4B7BEED240}.Release|Any CPU.Build.0 = Release|Any CPU
	EndGlobalSection
	GlobalSection(SolutionProperties) = preSolution
		HideSolutionNode = FALSE
	EndGlobalSection
	GlobalSection(NestedProjects) = preSolution
		{B27206FC-CE9C-4BEC-A7AC-B0466DC9C04A} = {1DAADD22-2993-41E2-93AB-0C1074493DB6}
		{214DD6F3-5DD0-410A-8F34-0A041A8DC6CF} = {1DAADD22-2993-41E2-93AB-0C1074493DB6}
		{499A5A70-03C7-45B5-A3F5-9176955B3C7B} = {1DAADD22-2993-41E2-93AB-0C1074493DB6}
		{AF81DAC5-15B9-4496-8A4C-726BB7EC8229} = {1DAADD22-2993-41E2-93AB-0C1074493DB6}
		{E72B23F1-6FD5-4EAC-9A01-48C7D081B3C8} = {1DAADD22-2993-41E2-93AB-0C1074493DB6}
		{55B61459-51C0-4790-AA7A-686852442D7E} = {1DAADD22-2993-41E2-93AB-0C1074493DB6}
		{433F1471-B44D-41D1-A34F-A528E31E0633} = {A22162DE-1F73-4DF2-8070-09EC45EA38EE}
		{797B003C-E3BF-4546-8C14-E3EFB3738597} = {A22162DE-1F73-4DF2-8070-09EC45EA38EE}
		{D30DF5F8-4959-470E-9D4F-8C4B7BEED240} = {A22162DE-1F73-4DF2-8070-09EC45EA38EE}
	EndGlobalSection
	GlobalSection(ExtensibilityGlobals) = postSolution
		SolutionGuid = {70DA098A-CBEE-4C1F-8B1B-D2BA0EE64EF7}
	EndGlobalSection
EndGlobal
